// !$*UTF8*$!
{
	archiveVersion = 1;
	classes = {
	};
	objectVersion = 56;
	objects = {

/* Begin PBXBuildFile section */
		305CB1BE2AC2EFF900139E89 /* Notes Watch App.app in Embed Watch Content */ = {isa = PBXBuildFile; fileRef = 305CB1BD2AC2EFF900139E89 /* Notes Watch App.app */; settings = {ATTRIBUTES = (RemoveHeadersOnCopy, ); }; };
		305CB1C32AC2EFF900139E89 /* NotesApp.swift in Sources */ = {isa = PBXBuildFile; fileRef = 305CB1C22AC2EFF900139E89 /* NotesApp.swift */; };
		305CB1C52AC2EFF900139E89 /* ContentView.swift in Sources */ = {isa = PBXBuildFile; fileRef = 305CB1C42AC2EFF900139E89 /* ContentView.swift */; };
		305CB1C72AC2EFFA00139E89 /* Assets.xcassets in Resources */ = {isa = PBXBuildFile; fileRef = 305CB1C62AC2EFFA00139E89 /* Assets.xcassets */; };
		305CB1CA2AC2EFFA00139E89 /* Preview Assets.xcassets in Resources */ = {isa = PBXBuildFile; fileRef = 305CB1C92AC2EFFA00139E89 /* Preview Assets.xcassets */; };
		305CB1D72AC2F16400139E89 /* Note.swift in Sources */ = {isa = PBXBuildFile; fileRef = 305CB1D62AC2F16400139E89 /* Note.swift */; };
		305CB1D92AC2FE5C00139E89 /* DetailView.swift in Sources */ = {isa = PBXBuildFile; fileRef = 305CB1D82AC2FE5C00139E89 /* DetailView.swift */; };
		305CB1DB2AC3088F00139E89 /* CreditsView.swift in Sources */ = {isa = PBXBuildFile; fileRef = 305CB1DA2AC3088F00139E89 /* CreditsView.swift */; };
		305CB1DE2AC3091900139E89 /* HeaderView.swift in Sources */ = {isa = PBXBuildFile; fileRef = 305CB1DD2AC3091900139E89 /* HeaderView.swift */; };
/* End PBXBuildFile section */

/* Begin PBXContainerItemProxy section */
		305CB1BF2AC2EFF900139E89 /* PBXContainerItemProxy */ = {
			isa = PBXContainerItemProxy;
			containerPortal = 305CB1B12AC2EFF900139E89 /* Project object */;
			proxyType = 1;
			remoteGlobalIDString = 305CB1BC2AC2EFF900139E89;
			remoteInfo = "Notes Watch App";
		};
/* End PBXContainerItemProxy section */

/* Begin PBXCopyFilesBuildPhase section */
		305CB1D02AC2EFFA00139E89 /* Embed Watch Content */ = {
			isa = PBXCopyFilesBuildPhase;
			buildActionMask = 2147483647;
			dstPath = "$(CONTENTS_FOLDER_PATH)/Watch";
			dstSubfolderSpec = 16;
			files = (
				305CB1BE2AC2EFF900139E89 /* Notes Watch App.app in Embed Watch Content */,
			);
			name = "Embed Watch Content";
			runOnlyForDeploymentPostprocessing = 0;
		};
/* End PBXCopyFilesBuildPhase section */

/* Begin PBXFileReference section */
		305CB1B72AC2EFF900139E89 /* Notes.app */ = {isa = PBXFileReference; explicitFileType = wrapper.application; includeInIndex = 0; path = Notes.app; sourceTree = BUILT_PRODUCTS_DIR; };
		305CB1BD2AC2EFF900139E89 /* Notes Watch App.app */ = {isa = PBXFileReference; explicitFileType = wrapper.application; includeInIndex = 0; path = "Notes Watch App.app"; sourceTree = BUILT_PRODUCTS_DIR; };
		305CB1C22AC2EFF900139E89 /* NotesApp.swift */ = {isa = PBXFileReference; lastKnownFileType = sourcecode.swift; path = NotesApp.swift; sourceTree = "<group>"; };
		305CB1C42AC2EFF900139E89 /* ContentView.swift */ = {isa = PBXFileReference; lastKnownFileType = sourcecode.swift; path = ContentView.swift; sourceTree = "<group>"; };
		305CB1C62AC2EFFA00139E89 /* Assets.xcassets */ = {isa = PBXFileReference; lastKnownFileType = folder.assetcatalog; path = Assets.xcassets; sourceTree = "<group>"; };
		305CB1C92AC2EFFA00139E89 /* Preview Assets.xcassets */ = {isa = PBXFileReference; lastKnownFileType = folder.assetcatalog; path = "Preview Assets.xcassets"; sourceTree = "<group>"; };
		305CB1D62AC2F16400139E89 /* Note.swift */ = {isa = PBXFileReference; lastKnownFileType = sourcecode.swift; path = Note.swift; sourceTree = "<group>"; };
		305CB1D82AC2FE5C00139E89 /* DetailView.swift */ = {isa = PBXFileReference; lastKnownFileType = sourcecode.swift; path = DetailView.swift; sourceTree = "<group>"; };
		305CB1DA2AC3088F00139E89 /* CreditsView.swift */ = {isa = PBXFileReference; lastKnownFileType = sourcecode.swift; path = CreditsView.swift; sourceTree = "<group>"; };
		305CB1DD2AC3091900139E89 /* HeaderView.swift */ = {isa = PBXFileReference; lastKnownFileType = sourcecode.swift; path = HeaderView.swift; sourceTree = "<group>"; };
/* End PBXFileReference section */

/* Begin PBXFrameworksBuildPhase section */
		305CB1BA2AC2EFF900139E89 /* Frameworks */ = {
			isa = PBXFrameworksBuildPhase;
			buildActionMask = 2147483647;
			files = (
			);
			runOnlyForDeploymentPostprocessing = 0;
		};
/* End PBXFrameworksBuildPhase section */

/* Begin PBXGroup section */
		305CB1B02AC2EFF900139E89 = {
			isa = PBXGroup;
			children = (
				305CB1C12AC2EFF900139E89 /* Notes Watch App */,
				305CB1B82AC2EFF900139E89 /* Products */,
			);
			sourceTree = "<group>";
		};
		305CB1B82AC2EFF900139E89 /* Products */ = {
			isa = PBXGroup;
			children = (
				305CB1B72AC2EFF900139E89 /* Notes.app */,
				305CB1BD2AC2EFF900139E89 /* Notes Watch App.app */,
			);
			name = Products;
			sourceTree = "<group>";
		};
		305CB1C12AC2EFF900139E89 /* Notes Watch App */ = {
			isa = PBXGroup;
			children = (
				305CB1DC2AC3090400139E89 /* Component */,
				305CB1D52AC2F14B00139E89 /* Model */,
				305CB1C22AC2EFF900139E89 /* NotesApp.swift */,
				305CB1D42AC2F13E00139E89 /* View */,
				305CB1C62AC2EFFA00139E89 /* Assets.xcassets */,
				305CB1C82AC2EFFA00139E89 /* Preview Content */,
			);
			path = "Notes Watch App";
			sourceTree = "<group>";
		};
		305CB1C82AC2EFFA00139E89 /* Preview Content */ = {
			isa = PBXGroup;
			children = (
				305CB1C92AC2EFFA00139E89 /* Preview Assets.xcassets */,
			);
			path = "Preview Content";
			sourceTree = "<group>";
		};
		305CB1D42AC2F13E00139E89 /* View */ = {
			isa = PBXGroup;
			children = (
				305CB1C42AC2EFF900139E89 /* ContentView.swift */,
				305CB1D82AC2FE5C00139E89 /* DetailView.swift */,
				305CB1DA2AC3088F00139E89 /* CreditsView.swift */,
			);
			path = View;
			sourceTree = "<group>";
		};
		305CB1D52AC2F14B00139E89 /* Model */ = {
			isa = PBXGroup;
			children = (
				305CB1D62AC2F16400139E89 /* Note.swift */,
			);
			path = Model;
			sourceTree = "<group>";
		};
		305CB1DC2AC3090400139E89 /* Component */ = {
			isa = PBXGroup;
			children = (
				305CB1DD2AC3091900139E89 /* HeaderView.swift */,
			);
			path = Component;
			sourceTree = "<group>";
		};
/* End PBXGroup section */

/* Begin PBXNativeTarget section */
		305CB1B62AC2EFF900139E89 /* Notes */ = {
			isa = PBXNativeTarget;
			buildConfigurationList = 305CB1D12AC2EFFA00139E89 /* Build configuration list for PBXNativeTarget "Notes" */;
			buildPhases = (
				305CB1B52AC2EFF900139E89 /* Resources */,
				305CB1D02AC2EFFA00139E89 /* Embed Watch Content */,
			);
			buildRules = (
			);
			dependencies = (
				305CB1C02AC2EFF900139E89 /* PBXTargetDependency */,
			);
			name = Notes;
			productName = Notes;
			productReference = 305CB1B72AC2EFF900139E89 /* Notes.app */;
			productType = "com.apple.product-type.application.watchapp2-container";
		};
		305CB1BC2AC2EFF900139E89 /* Notes Watch App */ = {
			isa = PBXNativeTarget;
			buildConfigurationList = 305CB1CD2AC2EFFA00139E89 /* Build configuration list for PBXNativeTarget "Notes Watch App" */;
			buildPhases = (
				305CB1B92AC2EFF900139E89 /* Sources */,
				305CB1BA2AC2EFF900139E89 /* Frameworks */,
				305CB1BB2AC2EFF900139E89 /* Resources */,
			);
			buildRules = (
			);
			dependencies = (
			);
			name = "Notes Watch App";
			productName = "Notes Watch App";
			productReference = 305CB1BD2AC2EFF900139E89 /* Notes Watch App.app */;
			productType = "com.apple.product-type.application";
		};
/* End PBXNativeTarget section */

/* Begin PBXProject section */
		305CB1B12AC2EFF900139E89 /* Project object */ = {
			isa = PBXProject;
			attributes = {
				BuildIndependentTargetsInParallel = 1;
				LastSwiftUpdateCheck = 1430;
				LastUpgradeCheck = 1430;
				TargetAttributes = {
					305CB1B62AC2EFF900139E89 = {
						CreatedOnToolsVersion = 14.3.1;
					};
					305CB1BC2AC2EFF900139E89 = {
						CreatedOnToolsVersion = 14.3.1;
					};
				};
			};
			buildConfigurationList = 305CB1B42AC2EFF900139E89 /* Build configuration list for PBXProject "Notes" */;
			compatibilityVersion = "Xcode 14.0";
			developmentRegion = en;
			hasScannedForEncodings = 0;
			knownRegions = (
				en,
				Base,
			);
			mainGroup = 305CB1B02AC2EFF900139E89;
			productRefGroup = 305CB1B82AC2EFF900139E89 /* Products */;
			projectDirPath = "";
			projectRoot = "";
			targets = (
				305CB1B62AC2EFF900139E89 /* Notes */,
				305CB1BC2AC2EFF900139E89 /* Notes Watch App */,
			);
		};
/* End PBXProject section */

/* Begin PBXResourcesBuildPhase section */
		305CB1B52AC2EFF900139E89 /* Resources */ = {
			isa = PBXResourcesBuildPhase;
			buildActionMask = 2147483647;
			files = (
			);
			runOnlyForDeploymentPostprocessing = 0;
		};
		305CB1BB2AC2EFF900139E89 /* Resources */ = {
			isa = PBXResourcesBuildPhase;
			buildActionMask = 2147483647;
			files = (
				305CB1CA2AC2EFFA00139E89 /* Preview Assets.xcassets in Resources */,
				305CB1C72AC2EFFA00139E89 /* Assets.xcassets in Resources */,
			);
			runOnlyForDeploymentPostprocessing = 0;
		};
/* End PBXResourcesBuildPhase section */

/* Begin PBXSourcesBuildPhase section */
		305CB1B92AC2EFF900139E89 /* Sources */ = {
			isa = PBXSourcesBuildPhase;
			buildActionMask = 2147483647;
			files = (
				305CB1C52AC2EFF900139E89 /* ContentView.swift in Sources */,
				305CB1DE2AC3091900139E89 /* HeaderView.swift in Sources */,
				305CB1D92AC2FE5C00139E89 /* DetailView.swift in Sources */,
				305CB1DB2AC3088F00139E89 /* CreditsView.swift in Sources */,
				305CB1C32AC2EFF900139E89 /* NotesApp.swift in Sources */,
				305CB1D72AC2F16400139E89 /* Note.swift in Sources */,
			);
			runOnlyForDeploymentPostprocessing = 0;
		};
/* End PBXSourcesBuildPhase section */

/* Begin PBXTargetDependency section */
		305CB1C02AC2EFF900139E89 /* PBXTargetDependency */ = {
			isa = PBXTargetDependency;
			target = 305CB1BC2AC2EFF900139E89 /* Notes Watch App */;
			targetProxy = 305CB1BF2AC2EFF900139E89 /* PBXContainerItemProxy */;
		};
/* End PBXTargetDependency section */

/* Begin XCBuildConfiguration section */
		305CB1CB2AC2EFFA00139E89 /* Debug */ = {
			isa = XCBuildConfiguration;
			buildSettings = {
				ALWAYS_SEARCH_USER_PATHS = NO;
				CLANG_ANALYZER_NONNULL = YES;
				CLANG_ANALYZER_NUMBER_OBJECT_CONVERSION = YES_AGGRESSIVE;
				CLANG_CXX_LANGUAGE_STANDARD = "gnu++20";
				CLANG_ENABLE_MODULES = YES;
				CLANG_ENABLE_OBJC_ARC = YES;
				CLANG_ENABLE_OBJC_WEAK = YES;
				CLANG_WARN_BLOCK_CAPTURE_AUTORELEASING = YES;
				CLANG_WARN_BOOL_CONVERSION = YES;
				CLANG_WARN_COMMA = YES;
				CLANG_WARN_CONSTANT_CONVERSION = YES;
				CLANG_WARN_DEPRECATED_OBJC_IMPLEMENTATIONS = YES;
				CLANG_WARN_DIRECT_OBJC_ISA_USAGE = YES_ERROR;
				CLANG_WARN_DOCUMENTATION_COMMENTS = YES;
				CLANG_WARN_EMPTY_BODY = YES;
				CLANG_WARN_ENUM_CONVERSION = YES;
				CLANG_WARN_INFINITE_RECURSION = YES;
				CLANG_WARN_INT_CONVERSION = YES;
				CLANG_WARN_NON_LITERAL_NULL_CONVERSION = YES;
				CLANG_WARN_OBJC_IMPLICIT_RETAIN_SELF = YES;
				CLANG_WARN_OBJC_LITERAL_CONVERSION = YES;
				CLANG_WARN_OBJC_ROOT_CLASS = YES_ERROR;
				CLANG_WARN_QUOTED_INCLUDE_IN_FRAMEWORK_HEADER = YES;
				CLANG_WARN_RANGE_LOOP_ANALYSIS = YES;
				CLANG_WARN_STRICT_PROTOTYPES = YES;
				CLANG_WARN_SUSPICIOUS_MOVE = YES;
				CLANG_WARN_UNGUARDED_AVAILABILITY = YES_AGGRESSIVE;
				CLANG_WARN_UNREACHABLE_CODE = YES;
				CLANG_WARN__DUPLICATE_METHOD_MATCH = YES;
				COPY_PHASE_STRIP = NO;
				DEBUG_INFORMATION_FORMAT = dwarf;
				ENABLE_STRICT_OBJC_MSGSEND = YES;
				ENABLE_TESTABILITY = YES;
				GCC_C_LANGUAGE_STANDARD = gnu11;
				GCC_DYNAMIC_NO_PIC = NO;
				GCC_NO_COMMON_BLOCKS = YES;
				GCC_OPTIMIZATION_LEVEL = 0;
				GCC_PREPROCESSOR_DEFINITIONS = (
					"DEBUG=1",
					"$(inherited)",
				);
				GCC_WARN_64_TO_32_BIT_CONVERSION = YES;
				GCC_WARN_ABOUT_RETURN_TYPE = YES_ERROR;
				GCC_WARN_UNDECLARED_SELECTOR = YES;
				GCC_WARN_UNINITIALIZED_AUTOS = YES_AGGRESSIVE;
				GCC_WARN_UNUSED_FUNCTION = YES;
				GCC_WARN_UNUSED_VARIABLE = YES;
				MTL_ENABLE_DEBUG_INFO = INCLUDE_SOURCE;
				MTL_FAST_MATH = YES;
				ONLY_ACTIVE_ARCH = YES;
				SWIFT_ACTIVE_COMPILATION_CONDITIONS = DEBUG;
				SWIFT_OPTIMIZATION_LEVEL = "-Onone";
			};
			name = Debug;
		};
		305CB1CC2AC2EFFA00139E89 /* Release */ = {
			isa = XCBuildConfiguration;
			buildSettings = {
				ALWAYS_SEARCH_USER_PATHS = NO;
				CLANG_ANALYZER_NONNULL = YES;
				CLANG_ANALYZER_NUMBER_OBJECT_CONVERSION = YES_AGGRESSIVE;
				CLANG_CXX_LANGUAGE_STANDARD = "gnu++20";
				CLANG_ENABLE_MODULES = YES;
				CLANG_ENABLE_OBJC_ARC = YES;
				CLANG_ENABLE_OBJC_WEAK = YES;
				CLANG_WARN_BLOCK_CAPTURE_AUTORELEASING = YES;
				CLANG_WARN_BOOL_CONVERSION = YES;
				CLANG_WARN_COMMA = YES;
				CLANG_WARN_CONSTANT_CONVERSION = YES;
				CLANG_WARN_DEPRECATED_OBJC_IMPLEMENTATIONS = YES;
				CLANG_WARN_DIRECT_OBJC_ISA_USAGE = YES_ERROR;
				CLANG_WARN_DOCUMENTATION_COMMENTS = YES;
				CLANG_WARN_EMPTY_BODY = YES;
				CLANG_WARN_ENUM_CONVERSION = YES;
				CLANG_WARN_INFINITE_RECURSION = YES;
				CLANG_WARN_INT_CONVERSION = YES;
				CLANG_WARN_NON_LITERAL_NULL_CONVERSION = YES;
				CLANG_WARN_OBJC_IMPLICIT_RETAIN_SELF = YES;
				CLANG_WARN_OBJC_LITERAL_CONVERSION = YES;
				CLANG_WARN_OBJC_ROOT_CLASS = YES_ERROR;
				CLANG_WARN_QUOTED_INCLUDE_IN_FRAMEWORK_HEADER = YES;
				CLANG_WARN_RANGE_LOOP_ANALYSIS = YES;
				CLANG_WARN_STRICT_PROTOTYPES = YES;
				CLANG_WARN_SUSPICIOUS_MOVE = YES;
				CLANG_WARN_UNGUARDED_AVAILABILITY = YES_AGGRESSIVE;
				CLANG_WARN_UNREACHABLE_CODE = YES;
				CLANG_WARN__DUPLICATE_METHOD_MATCH = YES;
				COPY_PHASE_STRIP = NO;
				DEBUG_INFORMATION_FORMAT = "dwarf-with-dsym";
				ENABLE_NS_ASSERTIONS = NO;
				ENABLE_STRICT_OBJC_MSGSEND = YES;
				GCC_C_LANGUAGE_STANDARD = gnu11;
				GCC_NO_COMMON_BLOCKS = YES;
				GCC_WARN_64_TO_32_BIT_CONVERSION = YES;
				GCC_WARN_ABOUT_RETURN_TYPE = YES_ERROR;
				GCC_WARN_UNDECLARED_SELECTOR = YES;
				GCC_WARN_UNINITIALIZED_AUTOS = YES_AGGRESSIVE;
				GCC_WARN_UNUSED_FUNCTION = YES;
				GCC_WARN_UNUSED_VARIABLE = YES;
				MTL_ENABLE_DEBUG_INFO = NO;
				MTL_FAST_MATH = YES;
				SWIFT_COMPILATION_MODE = wholemodule;
				SWIFT_OPTIMIZATION_LEVEL = "-O";
			};
			name = Release;
		};
		305CB1CE2AC2EFFA00139E89 /* Debug */ = {
			isa = XCBuildConfiguration;
			buildSettings = {
				ASSETCATALOG_COMPILER_APPICON_NAME = AppIcon;
				ASSETCATALOG_COMPILER_GLOBAL_ACCENT_COLOR_NAME = AccentColor;
				CODE_SIGN_STYLE = Automatic;
				CURRENT_PROJECT_VERSION = 1;
				DEVELOPMENT_ASSET_PATHS = "\"Notes Watch App/Preview Content\"";
				DEVELOPMENT_TEAM = Y28627RSMM;
				ENABLE_PREVIEWS = YES;
				GENERATE_INFOPLIST_FILE = YES;
				INFOPLIST_KEY_CFBundleDisplayName = Notes;
				INFOPLIST_KEY_UISupportedInterfaceOrientations = "UIInterfaceOrientationPortrait UIInterfaceOrientationPortraitUpsideDown";
				INFOPLIST_KEY_WKWatchOnly = YES;
				LD_RUNPATH_SEARCH_PATHS = (
					"$(inherited)",
					"@executable_path/Frameworks",
				);
				MARKETING_VERSION = 1.0;
				PRODUCT_BUNDLE_IDENTIFIER = com.prathap.Notes.watchkitapp;
				PRODUCT_NAME = "$(TARGET_NAME)";
				SDKROOT = watchos;
				SKIP_INSTALL = YES;
				SWIFT_EMIT_LOC_STRINGS = YES;
				SWIFT_VERSION = 5.0;
				TARGETED_DEVICE_FAMILY = 4;
				WATCHOS_DEPLOYMENT_TARGET = 9.4;
			};
			name = Debug;
		};
		305CB1CF2AC2EFFA00139E89 /* Release */ = {
			isa = XCBuildConfiguration;
			buildSettings = {
				ASSETCATALOG_COMPILER_APPICON_NAME = AppIcon;
				ASSETCATALOG_COMPILER_GLOBAL_ACCENT_COLOR_NAME = AccentColor;
				CODE_SIGN_STYLE = Automatic;
				CURRENT_PROJECT_VERSION = 1;
				DEVELOPMENT_ASSET_PATHS = "\"Notes Watch App/Preview Content\"";
				DEVELOPMENT_TEAM = Y28627RSMM;
				ENABLE_PREVIEWS = YES;
				GENERATE_INFOPLIST_FILE = YES;
				INFOPLIST_KEY_CFBundleDisplayName = Notes;
				INFOPLIST_KEY_UISupportedInterfaceOrientations = "UIInterfaceOrientationPortrait UIInterfaceOrientationPortraitUpsideDown";
				INFOPLIST_KEY_WKWatchOnly = YES;
				LD_RUNPATH_SEARCH_PATHS = (
					"$(inherited)",
					"@executable_path/Frameworks",
				);
				MARKETING_VERSION = 1.0;
				PRODUCT_BUNDLE_IDENTIFIER = com.prathap.Notes.watchkitapp;
				PRODUCT_NAME = "$(TARGET_NAME)";
				SDKROOT = watchos;
				SKIP_INSTALL = YES;
				SWIFT_EMIT_LOC_STRINGS = YES;
				SWIFT_VERSION = 5.0;
				TARGETED_DEVICE_FAMILY = 4;
				VALIDATE_PRODUCT = YES;
				WATCHOS_DEPLOYMENT_TARGET = 9.4;
			};
			name = Release;
		};
		305CB1D22AC2EFFA00139E89 /* Debug */ = {
			isa = XCBuildConfiguration;
			buildSettings = {
				ALWAYS_EMBED_SWIFT_STANDARD_LIBRARIES = YES;
				CODE_SIGN_STYLE = Automatic;
				CURRENT_PROJECT_VERSION = 1;
				DEVELOPMENT_TEAM = Y28627RSMM;
				INFOPLIST_KEY_CFBundleDisplayName = Notes;
				MARKETING_VERSION = 1.0;
				PRODUCT_BUNDLE_IDENTIFIER = com.prathap.Notes;
				PRODUCT_NAME = "$(TARGET_NAME)";
				SDKROOT = iphoneos;
				SWIFT_VERSION = 5.0;
			};
			name = Debug;
		};
		305CB1D32AC2EFFA00139E89 /* Release */ = {
			isa = XCBuildConfiguration;
			buildSettings = {
				ALWAYS_EMBED_SWIFT_STANDARD_LIBRARIES = YES;
				CODE_SIGN_STYLE = Automatic;
				CURRENT_PROJECT_VERSION = 1;
				DEVELOPMENT_TEAM = Y28627RSMM;
				INFOPLIST_KEY_CFBundleDisplayName = Notes;
				MARKETING_VERSION = 1.0;
				PRODUCT_BUNDLE_IDENTIFIER = com.prathap.Notes;
				PRODUCT_NAME = "$(TARGET_NAME)";
				SDKROOT = iphoneos;
				SWIFT_VERSION = 5.0;
				VALIDATE_PRODUCT = YES;
			};
			name = Release;
		};
/* End XCBuildConfiguration section */

/* Begin XCConfigurationList section */
		305CB1B42AC2EFF900139E89 /* Build configuration list for PBXProject "Notes" */ = {
			isa = XCConfigurationList;
			buildConfigurations = (
				305CB1CB2AC2EFFA00139E89 /* Debug */,
				305CB1CC2AC2EFFA00139E89 /* Release */,
			);
			defaultConfigurationIsVisible = 0;
			defaultConfigurationName = Release;
		};
		305CB1CD2AC2EFFA00139E89 /* Build configuration list for PBXNativeTarget "Notes Watch App" */ = {
			isa = XCConfigurationList;
			buildConfigurations = (
				305CB1CE2AC2EFFA00139E89 /* Debug */,
				305CB1CF2AC2EFFA00139E89 /* Release */,
			);
			defaultConfigurationIsVisible = 0;
			defaultConfigurationName = Release;
		};
		305CB1D12AC2EFFA00139E89 /* Build configuration list for PBXNativeTarget "Notes" */ = {
			isa = XCConfigurationList;
			buildConfigurations = (
				305CB1D22AC2EFFA00139E89 /* Debug */,
				305CB1D32AC2EFFA00139E89 /* Release */,
			);
			defaultConfigurationIsVisible = 0;
			defaultConfigurationName = Release;
		};
/* End XCConfigurationList section */
	};
	rootObject = 305CB1B12AC2EFF900139E89 /* Project object */;
}
